
Microsoft Visual Studio Solution File, Format Version 12.00
# Visual Studio 15
VisualStudioVersion = 15.0.33529.398
MinimumVisualStudioVersion = 10.0.40219.1
Project("{FAE04EC0-301F-11D3-BF4B-00C04F79EFBC}") = "Totito(WithoutMatrix)", "Totito(WithoutMatrix)\Totito(WithoutMatrix).csproj", "{3FC07142-84B7-4226-A3C0-B409021B99F7}"
EndProject
Global
	GlobalSection(SolutionConfigurationPlatforms) = preSolution
		Debug|Any CPU = Debug|Any CPU
		Release|Any CPU = Release|Any CPU
	EndGlobalSection
	GlobalSection(ProjectConfigurationPlatforms) = postSolution
		{3FC07142-84B7-4226-A3C0-B409021B99F7}.Debug|Any CPU.ActiveCfg = Debug|Any CPU
		{3FC07142-84B7-4226-A3C0-B409021B99F7}.Debug|Any CPU.Build.0 = Debug|Any CPU
		{3FC07142-84B7-4226-A3C0-B409021B99F7}.Release|Any CPU.ActiveCfg = Release|Any CPU
		{3FC07142-84B7-4226-A3C0-B409021B99F7}.Release|Any CPU.Build.0 = Release|Any CPU
	EndGlobalSection
	GlobalSection(SolutionProperties) = preSolution
		HideSolutionNode = FALSE
	EndGlobalSection
	GlobalSection(ExtensibilityGlobals) = postSolution
		SolutionGuid = {D466DF87-5394-412A-AB86-01BC26525BF2}
	EndGlobalSection
EndGlobal
